
Microsoft Visual Studio Solution File, Format Version 12.00
# Visual Studio 2012
Project("{FAE04EC0-301F-11D3-BF4B-00C04F79EFBC}") = "Ldc.SignalR.Rlangis", "Ldc.SignalR.Rlangis\Ldc.SignalR.Rlangis.csproj", "{AC2EAD17-B918-497F-A10F-22C956EA53FE}"
EndProject
Project("{FAE04EC0-301F-11D3-BF4B-00C04F79EFBC}") = "WebDemo", "WebDemo\WebDemo.csproj", "{87EC9DFC-B671-42C2-853F-797C1E1C0F49}"
EndProject
Project("{FAE04EC0-301F-11D3-BF4B-00C04F79EFBC}") = "ConsoleClientDemo", "ConsoleClientDemo\ConsoleClientDemo.csproj", "{19CEC45E-FBDA-4FBF-BB12-033EACE95C2A}"
EndProject
Project("{FAE04EC0-301F-11D3-BF4B-00C04F79EFBC}") = "Ldc.SignalR.Rlangis.Tests", "Ldc.SignalR.Rlangis.Tests\Ldc.SignalR.Rlangis.Tests.csproj", "{6B80B915-C90A-41BA-B934-0734243AD2E8}"
EndProject
Project("{FAE04EC0-301F-11D3-BF4B-00C04F79EFBC}") = "Ldc.Signal.Rlangis.Client", "Ldc.Signal.Rlangis.Client\Ldc.Signal.Rlangis.Client.csproj", "{DA0948EC-F00D-4697-999A-A598BE7168B6}"
EndProject
Global
	GlobalSection(SolutionConfigurationPlatforms) = preSolution
		Debug|Any CPU = Debug|Any CPU
		Release|Any CPU = Release|Any CPU
	EndGlobalSection
	GlobalSection(ProjectConfigurationPlatforms) = postSolution
		{AC2EAD17-B918-497F-A10F-22C956EA53FE}.Debug|Any CPU.ActiveCfg = Debug|Any CPU
		{AC2EAD17-B918-497F-A10F-22C956EA53FE}.Debug|Any CPU.Build.0 = Debug|Any CPU
		{AC2EAD17-B918-497F-A10F-22C956EA53FE}.Release|Any CPU.ActiveCfg = Release|Any CPU
		{AC2EAD17-B918-497F-A10F-22C956EA53FE}.Release|Any CPU.Build.0 = Release|Any CPU
		{87EC9DFC-B671-42C2-853F-797C1E1C0F49}.Debug|Any CPU.ActiveCfg = Debug|Any CPU
		{87EC9DFC-B671-42C2-853F-797C1E1C0F49}.Debug|Any CPU.Build.0 = Debug|Any CPU
		{87EC9DFC-B671-42C2-853F-797C1E1C0F49}.Release|Any CPU.ActiveCfg = Release|Any CPU
		{87EC9DFC-B671-42C2-853F-797C1E1C0F49}.Release|Any CPU.Build.0 = Release|Any CPU
		{19CEC45E-FBDA-4FBF-BB12-033EACE95C2A}.Debug|Any CPU.ActiveCfg = Debug|Any CPU
		{19CEC45E-FBDA-4FBF-BB12-033EACE95C2A}.Debug|Any CPU.Build.0 = Debug|Any CPU
		{19CEC45E-FBDA-4FBF-BB12-033EACE95C2A}.Release|Any CPU.ActiveCfg = Release|Any CPU
		{19CEC45E-FBDA-4FBF-BB12-033EACE95C2A}.Release|Any CPU.Build.0 = Release|Any CPU
		{6B80B915-C90A-41BA-B934-0734243AD2E8}.Debug|Any CPU.ActiveCfg = Debug|Any CPU
		{6B80B915-C90A-41BA-B934-0734243AD2E8}.Debug|Any CPU.Build.0 = Debug|Any CPU
		{6B80B915-C90A-41BA-B934-0734243AD2E8}.Release|Any CPU.ActiveCfg = Release|Any CPU
		{6B80B915-C90A-41BA-B934-0734243AD2E8}.Release|Any CPU.Build.0 = Release|Any CPU
		{DA0948EC-F00D-4697-999A-A598BE7168B6}.Debug|Any CPU.ActiveCfg = Debug|Any CPU
		{DA0948EC-F00D-4697-999A-A598BE7168B6}.Debug|Any CPU.Build.0 = Debug|Any CPU
		{DA0948EC-F00D-4697-999A-A598BE7168B6}.Release|Any CPU.ActiveCfg = Release|Any CPU
		{DA0948EC-F00D-4697-999A-A598BE7168B6}.Release|Any CPU.Build.0 = Release|Any CPU
	EndGlobalSection
	GlobalSection(SolutionProperties) = preSolution
		HideSolutionNode = FALSE
	EndGlobalSection
EndGlobal
