
Microsoft Visual Studio Solution File, Format Version 12.00
# Visual Studio 2013
VisualStudioVersion = 12.0.21005.1
MinimumVisualStudioVersion = 10.0.40219.1
Project("{2150E333-8FDC-42A3-9474-1A3956D46DE8}") = "src", "src", "{C57B4FFB-C57A-44EA-A4D1-558B7946C4F9}"
EndProject
Project("{2150E333-8FDC-42A3-9474-1A3956D46DE8}") = "samples", "samples", "{DB8C7F07-288D-4E6D-9209-AF68F7AE6030}"
EndProject
Project("{FAE04EC0-301F-11D3-BF4B-00C04F79EFBC}") = "Ldc.SignalR.Rlangis.HubHost", "src\Ldc.SignalR.Rlangis.HubHost\Ldc.SignalR.Rlangis.HubHost.csproj", "{FDF502C9-9034-430E-A459-C875B842DB7F}"
EndProject
Project("{FAE04EC0-301F-11D3-BF4B-00C04F79EFBC}") = "Ldc.SignalR.Rlangis", "src\Ldc.SignalR.Rlangis\Ldc.SignalR.Rlangis.csproj", "{7A099C1F-BBDB-46E3-AAB9-45DBA4B6EE5F}"
EndProject
Project("{2150E333-8FDC-42A3-9474-1A3956D46DE8}") = "Solution Items", "Solution Items", "{E532AFEF-43C3-49C9-9E0F-2EF243AC3C16}"
	ProjectSection(SolutionItems) = preProject
		README.md = README.md
	EndProjectSection
EndProject
Project("{2150E333-8FDC-42A3-9474-1A3956D46DE8}") = "Basic", "Basic", "{391950A5-CF54-472F-B4B4-7A55E1699486}"
EndProject
Project("{2150E333-8FDC-42A3-9474-1A3956D46DE8}") = "WebAPI", "WebAPI", "{59798063-FA16-49C0-B18D-07FD3975EC8C}"
EndProject
Project("{FAE04EC0-301F-11D3-BF4B-00C04F79EFBC}") = "LocalWebAPI", "samples\WebAPI\LocalWebAPI\LocalWebAPI.csproj", "{A0B23B08-6963-4327-B2CE-F4335E955888}"
EndProject
Project("{FAE04EC0-301F-11D3-BF4B-00C04F79EFBC}") = "Ldc.SignalR.Rlangis.Utils", "src\Ldc.SignalR.Rlangis.Utils\Ldc.SignalR.Rlangis.Utils.csproj", "{26BBA107-280A-41E0-8C4F-EA331117CF73}"
EndProject
Project("{FAE04EC0-301F-11D3-BF4B-00C04F79EFBC}") = "PublicWeb", "samples\WebAPI\PublicWeb\PublicWeb.csproj", "{3E59CBEA-ED94-45DE-B119-EF917E23D70E}"
EndProject
Project("{FAE04EC0-301F-11D3-BF4B-00C04F79EFBC}") = "Ldc.SignalR.Rlangis.HubHost.Utils", "src\Ldc.SignalR.Rlangis.HubHost.Utils\Ldc.SignalR.Rlangis.HubHost.Utils.csproj", "{CD68985D-77D4-4CCB-AE69-C3A802C70DDA}"
EndProject
Project("{2150E333-8FDC-42A3-9474-1A3956D46DE8}") = "Scripts", "Scripts", "{5A65D220-2315-4C54-ACA0-E92129F04735}"
	ProjectSection(SolutionItems) = preProject
		src\Scripts\angular-rlangis.js = src\Scripts\angular-rlangis.js
		src\Scripts\rlangis.js = src\Scripts\rlangis.js
	EndProjectSection
EndProject
Project("{2150E333-8FDC-42A3-9474-1A3956D46DE8}") = "RemoteFolders", "RemoteFolders", "{A88DAE69-44AB-441D-B712-DEBF3C98C750}"
EndProject
Project("{FAE04EC0-301F-11D3-BF4B-00C04F79EFBC}") = "BasicWeb", "samples\Basic\BasicWeb\BasicWeb.csproj", "{24B0E64F-5658-4997-BBFA-158B3F095562}"
EndProject
Project("{FAE04EC0-301F-11D3-BF4B-00C04F79EFBC}") = "BasicLocalHub", "samples\Basic\BasicLocalHub\BasicLocalHub.csproj", "{D4F01CFF-0882-4707-B721-1D0B0E5FE9F4}"
EndProject
Project("{FAE04EC0-301F-11D3-BF4B-00C04F79EFBC}") = "RfLocalHub", "samples\RemoteFolders\RfLocalHub\RfLocalHub.csproj", "{BB7928E4-15D3-44AE-A4F1-37714F2A775D}"
EndProject
Project("{FAE04EC0-301F-11D3-BF4B-00C04F79EFBC}") = "RfWeb", "samples\RemoteFolders\RfWeb\RfWeb.csproj", "{E1911496-02B9-4B0D-A5B9-B624EA9FC243}"
EndProject
Project("{FAE04EC0-301F-11D3-BF4B-00C04F79EFBC}") = "RfWeb.Tests", "RfWeb.Tests\RfWeb.Tests.csproj", "{4BC3932D-081F-4562-8F9F-4AFA52DAA377}"
EndProject
Global
	GlobalSection(SolutionConfigurationPlatforms) = preSolution
		Debug|Any CPU = Debug|Any CPU
		Release|Any CPU = Release|Any CPU
	EndGlobalSection
	GlobalSection(ProjectConfigurationPlatforms) = postSolution
		{FDF502C9-9034-430E-A459-C875B842DB7F}.Debug|Any CPU.ActiveCfg = Debug|Any CPU
		{FDF502C9-9034-430E-A459-C875B842DB7F}.Debug|Any CPU.Build.0 = Debug|Any CPU
		{FDF502C9-9034-430E-A459-C875B842DB7F}.Release|Any CPU.ActiveCfg = Release|Any CPU
		{FDF502C9-9034-430E-A459-C875B842DB7F}.Release|Any CPU.Build.0 = Release|Any CPU
		{7A099C1F-BBDB-46E3-AAB9-45DBA4B6EE5F}.Debug|Any CPU.ActiveCfg = Debug|Any CPU
		{7A099C1F-BBDB-46E3-AAB9-45DBA4B6EE5F}.Debug|Any CPU.Build.0 = Debug|Any CPU
		{7A099C1F-BBDB-46E3-AAB9-45DBA4B6EE5F}.Release|Any CPU.ActiveCfg = Release|Any CPU
		{7A099C1F-BBDB-46E3-AAB9-45DBA4B6EE5F}.Release|Any CPU.Build.0 = Release|Any CPU
		{A0B23B08-6963-4327-B2CE-F4335E955888}.Debug|Any CPU.ActiveCfg = Debug|Any CPU
		{A0B23B08-6963-4327-B2CE-F4335E955888}.Debug|Any CPU.Build.0 = Debug|Any CPU
		{A0B23B08-6963-4327-B2CE-F4335E955888}.Release|Any CPU.ActiveCfg = Release|Any CPU
		{A0B23B08-6963-4327-B2CE-F4335E955888}.Release|Any CPU.Build.0 = Release|Any CPU
		{26BBA107-280A-41E0-8C4F-EA331117CF73}.Debug|Any CPU.ActiveCfg = Debug|Any CPU
		{26BBA107-280A-41E0-8C4F-EA331117CF73}.Debug|Any CPU.Build.0 = Debug|Any CPU
		{26BBA107-280A-41E0-8C4F-EA331117CF73}.Release|Any CPU.ActiveCfg = Release|Any CPU
		{26BBA107-280A-41E0-8C4F-EA331117CF73}.Release|Any CPU.Build.0 = Release|Any CPU
		{3E59CBEA-ED94-45DE-B119-EF917E23D70E}.Debug|Any CPU.ActiveCfg = Debug|Any CPU
		{3E59CBEA-ED94-45DE-B119-EF917E23D70E}.Debug|Any CPU.Build.0 = Debug|Any CPU
		{3E59CBEA-ED94-45DE-B119-EF917E23D70E}.Release|Any CPU.ActiveCfg = Release|Any CPU
		{3E59CBEA-ED94-45DE-B119-EF917E23D70E}.Release|Any CPU.Build.0 = Release|Any CPU
		{CD68985D-77D4-4CCB-AE69-C3A802C70DDA}.Debug|Any CPU.ActiveCfg = Debug|Any CPU
		{CD68985D-77D4-4CCB-AE69-C3A802C70DDA}.Debug|Any CPU.Build.0 = Debug|Any CPU
		{CD68985D-77D4-4CCB-AE69-C3A802C70DDA}.Release|Any CPU.ActiveCfg = Release|Any CPU
		{CD68985D-77D4-4CCB-AE69-C3A802C70DDA}.Release|Any CPU.Build.0 = Release|Any CPU
		{24B0E64F-5658-4997-BBFA-158B3F095562}.Debug|Any CPU.ActiveCfg = Debug|Any CPU
		{24B0E64F-5658-4997-BBFA-158B3F095562}.Debug|Any CPU.Build.0 = Debug|Any CPU
		{24B0E64F-5658-4997-BBFA-158B3F095562}.Release|Any CPU.ActiveCfg = Release|Any CPU
		{24B0E64F-5658-4997-BBFA-158B3F095562}.Release|Any CPU.Build.0 = Release|Any CPU
		{D4F01CFF-0882-4707-B721-1D0B0E5FE9F4}.Debug|Any CPU.ActiveCfg = Debug|Any CPU
		{D4F01CFF-0882-4707-B721-1D0B0E5FE9F4}.Debug|Any CPU.Build.0 = Debug|Any CPU
		{D4F01CFF-0882-4707-B721-1D0B0E5FE9F4}.Release|Any CPU.ActiveCfg = Release|Any CPU
		{D4F01CFF-0882-4707-B721-1D0B0E5FE9F4}.Release|Any CPU.Build.0 = Release|Any CPU
		{BB7928E4-15D3-44AE-A4F1-37714F2A775D}.Debug|Any CPU.ActiveCfg = Debug|Any CPU
		{BB7928E4-15D3-44AE-A4F1-37714F2A775D}.Debug|Any CPU.Build.0 = Debug|Any CPU
		{BB7928E4-15D3-44AE-A4F1-37714F2A775D}.Release|Any CPU.ActiveCfg = Release|Any CPU
		{BB7928E4-15D3-44AE-A4F1-37714F2A775D}.Release|Any CPU.Build.0 = Release|Any CPU
		{E1911496-02B9-4B0D-A5B9-B624EA9FC243}.Debug|Any CPU.ActiveCfg = Debug|Any CPU
		{E1911496-02B9-4B0D-A5B9-B624EA9FC243}.Debug|Any CPU.Build.0 = Debug|Any CPU
		{E1911496-02B9-4B0D-A5B9-B624EA9FC243}.Release|Any CPU.ActiveCfg = Release|Any CPU
		{E1911496-02B9-4B0D-A5B9-B624EA9FC243}.Release|Any CPU.Build.0 = Release|Any CPU
		{4BC3932D-081F-4562-8F9F-4AFA52DAA377}.Debug|Any CPU.ActiveCfg = Debug|Any CPU
		{4BC3932D-081F-4562-8F9F-4AFA52DAA377}.Debug|Any CPU.Build.0 = Debug|Any CPU
		{4BC3932D-081F-4562-8F9F-4AFA52DAA377}.Release|Any CPU.ActiveCfg = Release|Any CPU
		{4BC3932D-081F-4562-8F9F-4AFA52DAA377}.Release|Any CPU.Build.0 = Release|Any CPU
	EndGlobalSection
	GlobalSection(SolutionProperties) = preSolution
		HideSolutionNode = FALSE
	EndGlobalSection
	GlobalSection(NestedProjects) = preSolution
		{FDF502C9-9034-430E-A459-C875B842DB7F} = {C57B4FFB-C57A-44EA-A4D1-558B7946C4F9}
		{7A099C1F-BBDB-46E3-AAB9-45DBA4B6EE5F} = {C57B4FFB-C57A-44EA-A4D1-558B7946C4F9}
		{26BBA107-280A-41E0-8C4F-EA331117CF73} = {C57B4FFB-C57A-44EA-A4D1-558B7946C4F9}
		{CD68985D-77D4-4CCB-AE69-C3A802C70DDA} = {C57B4FFB-C57A-44EA-A4D1-558B7946C4F9}
		{5A65D220-2315-4C54-ACA0-E92129F04735} = {C57B4FFB-C57A-44EA-A4D1-558B7946C4F9}
		{391950A5-CF54-472F-B4B4-7A55E1699486} = {DB8C7F07-288D-4E6D-9209-AF68F7AE6030}
		{59798063-FA16-49C0-B18D-07FD3975EC8C} = {DB8C7F07-288D-4E6D-9209-AF68F7AE6030}
		{A88DAE69-44AB-441D-B712-DEBF3C98C750} = {DB8C7F07-288D-4E6D-9209-AF68F7AE6030}
		{24B0E64F-5658-4997-BBFA-158B3F095562} = {391950A5-CF54-472F-B4B4-7A55E1699486}
		{D4F01CFF-0882-4707-B721-1D0B0E5FE9F4} = {391950A5-CF54-472F-B4B4-7A55E1699486}
		{A0B23B08-6963-4327-B2CE-F4335E955888} = {59798063-FA16-49C0-B18D-07FD3975EC8C}
		{3E59CBEA-ED94-45DE-B119-EF917E23D70E} = {59798063-FA16-49C0-B18D-07FD3975EC8C}
		{BB7928E4-15D3-44AE-A4F1-37714F2A775D} = {A88DAE69-44AB-441D-B712-DEBF3C98C750}
		{E1911496-02B9-4B0D-A5B9-B624EA9FC243} = {A88DAE69-44AB-441D-B712-DEBF3C98C750}
		{4BC3932D-081F-4562-8F9F-4AFA52DAA377} = {A88DAE69-44AB-441D-B712-DEBF3C98C750}
	EndGlobalSection
EndGlobal
